
Microsoft Visual Studio Solution File, Format Version 12.00
# Visual Studio Version 17
VisualStudioVersion = 17.4.33213.308
MinimumVisualStudioVersion = 10.0.40219.1
Project("{9A19103F-16F7-4668-BE54-9A1E7A4F7556}") = "HotelManagment", "HotelManagment\HotelManagment.csproj", "{4E0F7051-6C47-4EE4-8BDF-1BA1F78F8E57}"
EndProject
Global
	GlobalSection(SolutionConfigurationPlatforms) = preSolution
		Debug|Any CPU = Debug|Any CPU
		Release|Any CPU = Release|Any CPU
	EndGlobalSection
	GlobalSection(ProjectConfigurationPlatforms) = postSolution
		{4E0F7051-6C47-4EE4-8BDF-1BA1F78F8E57}.Debug|Any CPU.ActiveCfg = Debug|Any CPU
		{4E0F7051-6C47-4EE4-8BDF-1BA1F78F8E57}.Debug|Any CPU.Build.0 = Debug|Any CPU
		{4E0F7051-6C47-4EE4-8BDF-1BA1F78F8E57}.Release|Any CPU.ActiveCfg = Release|Any CPU
		{4E0F7051-6C47-4EE4-8BDF-1BA1F78F8E57}.Release|Any CPU.Build.0 = Release|Any CPU
	EndGlobalSection
	GlobalSection(SolutionProperties) = preSolution
		HideSolutionNode = FALSE
	EndGlobalSection
	GlobalSection(ExtensibilityGlobals) = postSolution
		SolutionGuid = {5FEB463E-C3E4-4FAE-AAE2-92E93A27DDD4}
	EndGlobalSection
EndGlobal
